// !$*UTF8*$!
{
	archiveVersion = 1;
	classes = {
	};
	objectVersion = 46;
	objects = {

/* Begin PBXBuildFile section */
		BE2646161E42583D006E3F23 /* AppDelegate.swift in Sources */ = {isa = PBXBuildFile; fileRef = BE2646151E42583D006E3F23 /* AppDelegate.swift */; };
		BE2646181E42583D006E3F23 /* ViewController.swift in Sources */ = {isa = PBXBuildFile; fileRef = BE2646171E42583D006E3F23 /* ViewController.swift */; };
		BE26461B1E42583D006E3F23 /* Main.storyboard in Resources */ = {isa = PBXBuildFile; fileRef = BE2646191E42583D006E3F23 /* Main.storyboard */; };
		BE26461D1E42583D006E3F23 /* Assets.xcassets in Resources */ = {isa = PBXBuildFile; fileRef = BE26461C1E42583D006E3F23 /* Assets.xcassets */; };
		BE2646201E42583D006E3F23 /* LaunchScreen.storyboard in Resources */ = {isa = PBXBuildFile; fileRef = BE26461E1E42583D006E3F23 /* LaunchScreen.storyboard */; };
/* End PBXBuildFile section */

/* Begin PBXFileReference section */
		BE2646121E42583C006E3F23 /* SystemNotification.app */ = {isa = PBXFileReference; explicitFileType = wrapper.application; includeInIndex = 0; path = SystemNotification.app; sourceTree = BUILT_PRODUCTS_DIR; };
		BE2646151E42583D006E3F23 /* AppDelegate.swift */ = {isa = PBXFileReference; lastKnownFileType = sourcecode.swift; path = AppDelegate.swift; sourceTree = "<group>"; };
		BE2646171E42583D006E3F23 /* ViewController.swift */ = {isa = PBXFileReference; lastKnownFileType = sourcecode.swift; path = ViewController.swift; sourceTree = "<group>"; };
		BE26461A1E42583D006E3F23 /* Base */ = {isa = PBXFileReference; lastKnownFileType = file.storyboard; name = Base; path = Base.lproj/Main.storyboard; sourceTree = "<group>"; };
		BE26461C1E42583D006E3F23 /* Assets.xcassets */ = {isa = PBXFileReference; lastKnownFileType = folder.assetcatalog; path = Assets.xcassets; sourceTree = "<group>"; };
		BE26461F1E42583D006E3F23 /* Base */ = {isa = PBXFileReference; lastKnownFileType = file.storyboard; name = Base; path = Base.lproj/LaunchScreen.storyboard; sourceTree = "<group>"; };
		BE2646211E42583D006E3F23 /* Info.plist */ = {isa = PBXFileReference; lastKnownFileType = text.plist.xml; path = Info.plist; sourceTree = "<group>"; };
/* End PBXFileReference section */

/* Begin PBXFrameworksBuildPhase section */
		BE26460F1E42583C006E3F23 /* Frameworks */ = {
			isa = PBXFrameworksBuildPhase;
			buildActionMask = 2147483647;
			files = (
			);
			runOnlyForDeploymentPostprocessing = 0;
		};
/* End PBXFrameworksBuildPhase section */

/* Begin PBXGroup section */
		BE2646091E42583C006E3F23 = {
			isa = PBXGroup;
			children = (
				BE2646141E42583C006E3F23 /* SystemNotification */,
				BE2646131E42583C006E3F23 /* Products */,
			);
			sourceTree = "<group>";
		};
		BE2646131E42583C006E3F23 /* Products */ = {
			isa = PBXGroup;
			children = (
				BE2646121E42583C006E3F23 /* SystemNotification.app */,
			);
			name = Products;
			sourceTree = "<group>";
		};
		BE2646141E42583C006E3F23 /* SystemNotification */ = {
			isa = PBXGroup;
			children = (
				BE2646151E42583D006E3F23 /* AppDelegate.swift */,
				BE2646171E42583D006E3F23 /* ViewController.swift */,
				BE2646191E42583D006E3F23 /* Main.storyboard */,
				BE26461C1E42583D006E3F23 /* Assets.xcassets */,
				BE26461E1E42583D006E3F23 /* LaunchScreen.storyboard */,
				BE2646211E42583D006E3F23 /* Info.plist */,
			);
			path = SystemNotification;
			sourceTree = "<group>";
		};
/* End PBXGroup section */

/* Begin PBXNativeTarget section */
		BE2646111E42583C006E3F23 /* SystemNotification */ = {
			isa = PBXNativeTarget;
			buildConfigurationList = BE2646241E42583D006E3F23 /* Build configuration list for PBXNativeTarget "SystemNotification" */;
			buildPhases = (
				BE26460E1E42583C006E3F23 /* Sources */,
				BE26460F1E42583C006E3F23 /* Frameworks */,
				BE2646101E42583C006E3F23 /* Resources */,
			);
			buildRules = (
			);
			dependencies = (
			);
			name = SystemNotification;
			productName = SystemNotification;
			productReference = BE2646121E42583C006E3F23 /* SystemNotification.app */;
			productType = "com.apple.product-type.application";
		};
/* End PBXNativeTarget section */

/* Begin PBXProject section */
		BE26460A1E42583C006E3F23 /* Project object */ = {
			isa = PBXProject;
			attributes = {
				LastSwiftUpdateCheck = 0730;
				LastUpgradeCheck = 0730;
				ORGANIZATIONNAME = com.sree.objc;
				TargetAttributes = {
					BE2646111E42583C006E3F23 = {
						CreatedOnToolsVersion = 7.3.1;
						LastSwiftMigration = 0820;
					};
				};
			};
			buildConfigurationList = BE26460D1E42583C006E3F23 /* Build configuration list for PBXProject "SystemNotification" */;
			compatibilityVersion = "Xcode 3.2";
			developmentRegion = English;
			hasScannedForEncodings = 0;
			knownRegions = (
				en,
				Base,
			);
			mainGroup = BE2646091E42583C006E3F23;
			productRefGroup = BE2646131E42583C006E3F23 /* Products */;
			projectDirPath = "";
			projectRoot = "";
			targets = (
				BE2646111E42583C006E3F23 /* SystemNotification */,
			);
		};
/* End PBXProject section */

/* Begin PBXResourcesBuildPhase section */
		BE2646101E42583C006E3F23 /* Resources */ = {
			isa = PBXResourcesBuildPhase;
			buildActionMask = 2147483647;
			files = (
				BE2646201E42583D006E3F23 /* LaunchScreen.storyboard in Resources */,
				BE26461D1E42583D006E3F23 /* Assets.xcassets in Resources */,
				BE26461B1E42583D006E3F23 /* Main.storyboard in Resources */,
			);
			runOnlyForDeploymentPostprocessing = 0;
		};
/* End PBXResourcesBuildPhase section */

/* Begin PBXSourcesBuildPhase section */
		BE26460E1E42583C006E3F23 /* Sources */ = {
			isa = PBXSourcesBuildPhase;
			buildActionMask = 2147483647;
			files = (
				BE2646181E42583D006E3F23 /* ViewController.swift in Sources */,
				BE2646161E42583D006E3F23 /* AppDelegate.swift in Sources */,
			);
			runOnlyForDeploymentPostprocessing = 0;
		};
/* End PBXSourcesBuildPhase section */

/* Begin PBXVariantGroup section */
		BE2646191E42583D006E3F23 /* Main.storyboard */ = {
			isa = PBXVariantGroup;
			children = (
				BE26461A1E42583D006E3F23 /* Base */,
			);
			name = Main.storyboard;
			sourceTree = "<group>";
		};
		BE26461E1E42583D006E3F23 /* LaunchScreen.storyboard */ = {
			isa = PBXVariantGroup;
			children = (
				BE26461F1E42583D006E3F23 /* Base */,
			);
			name = LaunchScreen.storyboard;
			sourceTree = "<group>";
		};
/* End PBXVariantGroup section */

/* Begin XCBuildConfiguration section */
		BE2646221E42583D006E3F23 /* Debug */ = {
			isa = XCBuildConfiguration;
			buildSettings = {
				ALWAYS_SEARCH_USER_PATHS = NO;
				CLANG_ANALYZER_NONNULL = YES;
				CLANG_CXX_LANGUAGE_STANDARD = "gnu++0x";
				CLANG_CXX_LIBRARY = "libc++";
				CLANG_ENABLE_MODULES = YES;
				CLANG_ENABLE_OBJC_ARC = YES;
				CLANG_WARN_BOOL_CONVERSION = YES;
				CLANG_WARN_CONSTANT_CONVERSION = YES;
				CLANG_WARN_DIRECT_OBJC_ISA_USAGE = YES_ERROR;
				CLANG_WARN_EMPTY_BODY = YES;
				CLANG_WARN_ENUM_CONVERSION = YES;
				CLANG_WARN_INT_CONVERSION = YES;
				CLANG_WARN_OBJC_ROOT_CLASS = YES_ERROR;
				CLANG_WARN_UNREACHABLE_CODE = YES;
				CLANG_WARN__DUPLICATE_METHOD_MATCH = YES;
				"CODE_SIGN_IDENTITY[sdk=iphoneos*]" = "iPhone Developer";
				COPY_PHASE_STRIP = NO;
				DEBUG_INFORMATION_FORMAT = dwarf;
				ENABLE_STRICT_OBJC_MSGSEND = YES;
				ENABLE_TESTABILITY = YES;
				GCC_C_LANGUAGE_STANDARD = gnu99;
				GCC_DYNAMIC_NO_PIC = NO;
				GCC_NO_COMMON_BLOCKS = YES;
				GCC_OPTIMIZATION_LEVEL = 0;
				GCC_PREPROCESSOR_DEFINITIONS = (
					"DEBUG=1",
					"$(inherited)",
				);
				GCC_WARN_64_TO_32_BIT_CONVERSION = YES;
				GCC_WARN_ABOUT_RETURN_TYPE = YES_ERROR;
				GCC_WARN_UNDECLARED_SELECTOR = YES;
				GCC_WARN_UNINITIALIZED_AUTOS = YES_AGGRESSIVE;
				GCC_WARN_UNUSED_FUNCTION = YES;
				GCC_WARN_UNUSED_VARIABLE = YES;
				IPHONEOS_DEPLOYMENT_TARGET = 9.3;
				MTL_ENABLE_DEBUG_INFO = YES;
				ONLY_ACTIVE_ARCH = YES;
				SDKROOT = iphoneos;
				SWIFT_OPTIMIZATION_LEVEL = "-Onone";
			};
			name = Debug;
		};
		BE2646231E42583D006E3F23 /* Release */ = {
			isa = XCBuildConfiguration;
			buildSettings = {
				ALWAYS_SEARCH_USER_PATHS = NO;
				CLANG_ANALYZER_NONNULL = YES;
				CLANG_CXX_LANGUAGE_STANDARD = "gnu++0x";
				CLANG_CXX_LIBRARY = "libc++";
				CLANG_ENABLE_MODULES = YES;
				CLANG_ENABLE_OBJC_ARC = YES;
				CLANG_WARN_BOOL_CONVERSION = YES;
				CLANG_WARN_CONSTANT_CONVERSION = YES;
				CLANG_WARN_DIRECT_OBJC_ISA_USAGE = YES_ERROR;
				CLANG_WARN_EMPTY_BODY = YES;
				CLANG_WARN_ENUM_CONVERSION = YES;
				CLANG_WARN_INT_CONVERSION = YES;
				CLANG_WARN_OBJC_ROOT_CLASS = YES_ERROR;
				CLANG_WARN_UNREACHABLE_CODE = YES;
				CLANG_WARN__DUPLICATE_METHOD_MATCH = YES;
				"CODE_SIGN_IDENTITY[sdk=iphoneos*]" = "iPhone Developer";
				COPY_PHASE_STRIP = NO;
				DEBUG_INFORMATION_FORMAT = "dwarf-with-dsym";
				ENABLE_NS_ASSERTIONS = NO;
				ENABLE_STRICT_OBJC_MSGSEND = YES;
				GCC_C_LANGUAGE_STANDARD = gnu99;
				GCC_NO_COMMON_BLOCKS = YES;
				GCC_WARN_64_TO_32_BIT_CONVERSION = YES;
				GCC_WARN_ABOUT_RETURN_TYPE = YES_ERROR;
				GCC_WARN_UNDECLARED_SELECTOR = YES;
				GCC_WARN_UNINITIALIZED_AUTOS = YES_AGGRESSIVE;
				GCC_WARN_UNUSED_FUNCTION = YES;
				GCC_WARN_UNUSED_VARIABLE = YES;
				IPHONEOS_DEPLOYMENT_TARGET = 9.3;
				MTL_ENABLE_DEBUG_INFO = NO;
				SDKROOT = iphoneos;
				VALIDATE_PRODUCT = YES;
			};
			name = Release;
		};
		BE2646251E42583D006E3F23 /* Debug */ = {
			isa = XCBuildConfiguration;
			buildSettings = {
				ASSETCATALOG_COMPILER_APPICON_NAME = AppIcon;
				INFOPLIST_FILE = SystemNotification/Info.plist;
				LD_RUNPATH_SEARCH_PATHS = "$(inherited) @executable_path/Frameworks";
				PRODUCT_BUNDLE_IDENTIFIER = Sreek.SystemNotification;
				PRODUCT_NAME = "$(TARGET_NAME)";
				SWIFT_VERSION = 3.0;
			};
			name = Debug;
		};
		BE2646261E42583D006E3F23 /* Release */ = {
			isa = XCBuildConfiguration;
			buildSettings = {
				ASSETCATALOG_COMPILER_APPICON_NAME = AppIcon;
				INFOPLIST_FILE = SystemNotification/Info.plist;
				LD_RUNPATH_SEARCH_PATHS = "$(inherited) @executable_path/Frameworks";
				PRODUCT_BUNDLE_IDENTIFIER = Sreek.SystemNotification;
				PRODUCT_NAME = "$(TARGET_NAME)";
				SWIFT_VERSION = 3.0;
			};
			name = Release;
		};
/* End XCBuildConfiguration section */

/* Begin XCConfigurationList section */
		BE26460D1E42583C006E3F23 /* Build configuration list for PBXProject "SystemNotification" */ = {
			isa = XCConfigurationList;
			buildConfigurations = (
				BE2646221E42583D006E3F23 /* Debug */,
				BE2646231E42583D006E3F23 /* Release */,
			);
			defaultConfigurationIsVisible = 0;
			defaultConfigurationName = Release;
		};
		BE2646241E42583D006E3F23 /* Build configuration list for PBXNativeTarget "SystemNotification" */ = {
			isa = XCConfigurationList;
			buildConfigurations = (
				BE2646251E42583D006E3F23 /* Debug */,
				BE2646261E42583D006E3F23 /* Release */,
			);
			defaultConfigurationIsVisible = 0;
			defaultConfigurationName = Release;
		};
/* End XCConfigurationList section */
	};
	rootObject = BE26460A1E42583C006E3F23 /* Project object */;
}
